PATH
  remote: /Users/twinkal/Development/sdk/reloop-ruby
  specs:
    reloop (1.1.0)
      faraday (~> 2.0)
      json (~> 2.0)

GEM
  remote: https://rubygems.org/
  specs:
    base64 (0.3.0)
    dotenv (2.8.1)
    faraday (2.8.1)
      base64
      faraday-net_http (>= 2.0, < 3.1)
      ruby2_keywords (>= 0.0.4)
    faraday-net_http (3.0.2)
    json (2.7.6)
    mustermann (3.0.4)
      ruby2_keywords (~> 0.0.1)
    rack (2.2.23)
    rack-protection (3.2.0)
      base64 (>= 0.1.0)
      rack (~> 2.2, >= 2.2.4)
    ruby2_keywords (0.0.5)
    sinatra (3.2.0)
      mustermann (~> 3.0)
      rack (~> 2.2, >= 2.2.4)
      rack-protection (= 3.2.0)
      tilt (~> 2.0)
    tilt (2.8.0)
    webrick (1.9.2)

PLATFORMS
  ruby

DEPENDENCIES
  dotenv
  reloop!
  sinatra
  webrick

BUNDLED WITH
   1.17.2
